schema: '2.0'
stages:
  train_pipeline:
    cmd: python src/diabetes_risk_prediction/pipeline/training_pipeline.py
    deps:
    - path: configs/params.yaml
      hash: md5
      md5: 9e1e28b9959164a92b44a35113a73604
      size: 1875
    - path: configs/schema.yaml
      hash: md5
      md5: b28901cc35d2921a0618f98d5db23102
      size: 1356
    - path: data/raw/raw_data.csv
      hash: md5
      md5: 8f90e44047182c5f32d10f0c4dd4890f
      size: 22738154
    - path: src/diabetes_risk_prediction
      hash: md5
      md5: 585794792a24511e8940f87cf77a6923.dir
      size: 241129
      nfiles: 87
    params:
      configs/params.yaml:
        evaluation:
          changed_threshold_score: 0.01
          max_precision_regression: 0.1
        model_training:
          candidate_algorithms:
          - random_forest
          - lightgbm
          - logistic_regression
          n_trials: 15
          cv_folds: 5
          cv_metric: average_precision
          enable_pruning: true
          optuna_n_jobs: 1
          target_recall_floor: 0.8
          calibrate_probabilities: false
        quality_gate:
          min_roc_auc: 0.8
          min_recall: 0.7
          min_f1: 0.4
          overfitting_threshold: 0.1
          target_metric: recall
        threshold: 0.49542214350854874
    outs:
    - path: artifacts/model_evaluation/confusion_matrix.json
      hash: md5
      md5: ed02941473e642c991950dd67a6a11e3
      size: 111
    - path: artifacts/model_evaluation/metrics.json
      hash: md5
      md5: e10d3c11006f66ba22281531cb8a933d
      size: 735
    - path: artifacts/model_trainer/feature_importance.json
      hash: md5
      md5: a92a92c2e21b0d4dece9a827099e1f4a
      size: 824
    - path: artifacts/model_trainer/test_metrics.json
      hash: md5
      md5: 1502c24dc4be9377baa99810835981dc
      size: 237
    - path: artifacts/model_trainer/train_metrics.json
      hash: md5
      md5: cbb950ade68181c19b479fcc84b7169a
      size: 239
